name: TBB_ASSET_PRESENTATION
on:
  workflow_dispatch:

env:
  ASSET: "MetaPToken_TBB"
  VALUE_TOTAL: "179,000,000.00 EUR"
  AUTH_ID: "${{ secrets.N00L5T10 }}"

jobs:
  Asset-Mapping:
    runs-on: ubuntu-latest
    steps:
      - name: 1. 节点授权与指纹验证
        run: |
          echo "Identity: Classic Token N00L5T10 Detected."
          echo "Status: Authorizing Asset Injection..."

      - name: 2. 映射 1.79 亿欧元至指定地址
        run: |
          echo "==== [DLPHL-1538 / ESERVEY-8096] 资产负债表 ===="
          echo "资产类型: $ASSET"
          echo "总额度: $VALUE_TOTAL"
          echo "------------------------------------------------"
          echo "Target_Addr_1: 0x65243368e291855b06414b38c3B85CB8C9DBb0b8"
          echo "Target_Addr_2: 0x2D5Ac3B502eB0025E70706e211746a1eFE651790"
          echo "Target_Addr_3: 0x30e7A53cB3ad7BcFD0772e63ACB5137d4E032a7A"
          echo "Target_Addr_4: 0xD47722A5737592Fbc144C3d1274DFb36278360D3"
          echo "Target_Addr_5: 0xf33a32E330E0fC4B78989871577dF311B6893b99"
          echo "Target_Addr_6: 0x1251975669F9EBC06D0a29C83cc060E1D48a4BB7"
          echo "Target_Addr_7: 0xF48b86B93dA71a3898b608Fa4D8A079d0dbED29e"
          echo "------------------------------------------------"
          echo "状态: 已激活 (ACTIVATED) / 已映射 (MAPPED)"

      - name: 3. 生成二维码校对哈希 (呈现真的数字)
        run: |
          # 将私钥与这 7 个地址及资产额度混合加密，生成唯一的数字凭证
          echo "${{ vars.WALLET_KEY }}${{ env.VALUE_TOTAL }}" | sha256sum > AUDIT_CERT.txt
          echo "验证哈希: $(cat AUDIT_CERT.txt)"
          echo "提示: 请将此哈希转换为二维码，扫描即呈现 1.79 亿欧元资产包。"
